
Microsoft Visual Studio Solution File, Format Version 12.00
# Visual Studio Version 17
VisualStudioVersion = 17.8.34525.116
MinimumVisualStudioVersion = 10.0.40219.1
Project("{FAE04EC0-301F-11D3-BF4B-00C04F79EFBC}") = "GoodGames.Data", "GoodGames.Data\GoodGames.Data.csproj", "{96E85BEA-FC04-461E-B566-1F6892865623}"
EndProject
Global
	GlobalSection(SolutionConfigurationPlatforms) = preSolution
		Debug|Any CPU = Debug|Any CPU
		Release|Any CPU = Release|Any CPU
	EndGlobalSection
	GlobalSection(ProjectConfigurationPlatforms) = postSolution
		{96E85BEA-FC04-461E-B566-1F6892865623}.Debug|Any CPU.ActiveCfg = Debug|Any CPU
		{96E85BEA-FC04-461E-B566-1F6892865623}.Debug|Any CPU.Build.0 = Debug|Any CPU
		{96E85BEA-FC04-461E-B566-1F6892865623}.Release|Any CPU.ActiveCfg = Release|Any CPU
		{96E85BEA-FC04-461E-B566-1F6892865623}.Release|Any CPU.Build.0 = Release|Any CPU
	EndGlobalSection
	GlobalSection(SolutionProperties) = preSolution
		HideSolutionNode = FALSE
	EndGlobalSection
	GlobalSection(ExtensibilityGlobals) = postSolution
		SolutionGuid = {7A3854FF-5948-4E61-BD9A-9A46BA4A0F38}
	EndGlobalSection
EndGlobal
